
Microsoft Visual Studio Solution File, Format Version 12.00
# Visual Studio Version 16
VisualStudioVersion = 16.0.29613.14
MinimumVisualStudioVersion = 10.0.40219.1
Project("{2150E333-8FDC-42A3-9474-1A3956D46DE8}") = "02 Application", "02 Application", "{59702E6B-25DF-4495-8473-A715A061342D}"
EndProject
Project("{2150E333-8FDC-42A3-9474-1A3956D46DE8}") = "03 Host", "03 Host", "{ACAF5422-7F76-47DB-8F83-8CF1E8F5039A}"
EndProject
Project("{2150E333-8FDC-42A3-9474-1A3956D46DE8}") = "src", "src", "{85FAFA3E-69D7-4816-B5A4-243BAC4AEC59}"
EndProject
Project("{9A19103F-16F7-4668-BE54-9A1E7A4F7556}") = "CompanyName.ProjectName.Web.Host", "src\dotNET.Web\CompanyName.ProjectName.Web.Host.csproj", "{460356D2-AA83-4B47-8EE8-20213D6F6F05}"
EndProject
Project("{2150E333-8FDC-42A3-9474-1A3956D46DE8}") = "01 Core", "01 Core", "{3CD165EF-F331-470A-90D8-8A111C5172B9}"
EndProject
Project("{2150E333-8FDC-42A3-9474-1A3956D46DE8}") = "Common", "Common", "{0B5FF807-0062-4E6B-8BE0-1516AB5B1CAD}"
EndProject
Project("{9A19103F-16F7-4668-BE54-9A1E7A4F7556}") = "CompanyName.ProjectName.Core", "src\Core\CompanyName.ProjectName.Core.csproj", "{73C935B5-0EC4-4FC5-ACD4-215151230A5C}"
EndProject
Project("{9A19103F-16F7-4668-BE54-9A1E7A4F7556}") = "CompanyName.ProjectName.Enum", "src\Enum\CompanyName.ProjectName.Enum.csproj", "{50CE4EEB-BD66-44F9-9A13-553830433D9F}"
EndProject
Project("{9A19103F-16F7-4668-BE54-9A1E7A4F7556}") = "CompanyName.ProjectName.CommonServer", "src\EFCoreRepository\CompanyName.ProjectName.CommonServer.csproj", "{556502BC-F601-48CA-AADF-24213962A47C}"
EndProject
Project("{9A19103F-16F7-4668-BE54-9A1E7A4F7556}") = "CompanyName.ProjectName.ICommonServer", "src\Application\CompanyName.ProjectName.ICommonServer.csproj", "{31159C60-91D9-4A62-BA6D-030557981F7D}"
EndProject
Project("{9A19103F-16F7-4668-BE54-9A1E7A4F7556}") = "CompanyName.ProjectName.Hangfire.Job", "src\Hangfire.Job\CompanyName.ProjectName.Hangfire.Job.csproj", "{D283DA98-CFC3-4AA7-8B49-1D7CED79A3FA}"
EndProject
Project("{9A19103F-16F7-4668-BE54-9A1E7A4F7556}") = "CompanyName.ProjectName.IdentityServer", "src\Identity\CompanyName.ProjectName.IdentityServer.csproj", "{AFEC7BE8-8991-466E-B7BE-5F27B1550AE2}"
EndProject
Project("{9A19103F-16F7-4668-BE54-9A1E7A4F7556}") = "CompanyName.ProjectName.HttpApi.Host", "src\WebApi\CompanyName.ProjectName.HttpApi.Host.csproj", "{2866D02B-13D4-4280-90D7-4364E6BB96FF}"
EndProject
Global
	GlobalSection(SolutionConfigurationPlatforms) = preSolution
		Debug|Any CPU = Debug|Any CPU
		Debug|x64 = Debug|x64
		Debug|x86 = Debug|x86
		Release|Any CPU = Release|Any CPU
		Release|x64 = Release|x64
		Release|x86 = Release|x86
	EndGlobalSection
	GlobalSection(ProjectConfigurationPlatforms) = postSolution
		{460356D2-AA83-4B47-8EE8-20213D6F6F05}.Debug|Any CPU.ActiveCfg = Debug|Any CPU
		{460356D2-AA83-4B47-8EE8-20213D6F6F05}.Debug|Any CPU.Build.0 = Debug|Any CPU
		{460356D2-AA83-4B47-8EE8-20213D6F6F05}.Debug|x64.ActiveCfg = Debug|Any CPU
		{460356D2-AA83-4B47-8EE8-20213D6F6F05}.Debug|x64.Build.0 = Debug|Any CPU
		{460356D2-AA83-4B47-8EE8-20213D6F6F05}.Debug|x86.ActiveCfg = Debug|Any CPU
		{460356D2-AA83-4B47-8EE8-20213D6F6F05}.Debug|x86.Build.0 = Debug|Any CPU
		{460356D2-AA83-4B47-8EE8-20213D6F6F05}.Release|Any CPU.ActiveCfg = Release|Any CPU
		{460356D2-AA83-4B47-8EE8-20213D6F6F05}.Release|Any CPU.Build.0 = Release|Any CPU
		{460356D2-AA83-4B47-8EE8-20213D6F6F05}.Release|x64.ActiveCfg = Release|Any CPU
		{460356D2-AA83-4B47-8EE8-20213D6F6F05}.Release|x64.Build.0 = Release|Any CPU
		{460356D2-AA83-4B47-8EE8-20213D6F6F05}.Release|x86.ActiveCfg = Release|Any CPU
		{460356D2-AA83-4B47-8EE8-20213D6F6F05}.Release|x86.Build.0 = Release|Any CPU
		{73C935B5-0EC4-4FC5-ACD4-215151230A5C}.Debug|Any CPU.ActiveCfg = Debug|Any CPU
		{73C935B5-0EC4-4FC5-ACD4-215151230A5C}.Debug|Any CPU.Build.0 = Debug|Any CPU
		{73C935B5-0EC4-4FC5-ACD4-215151230A5C}.Debug|x64.ActiveCfg = Debug|Any CPU
		{73C935B5-0EC4-4FC5-ACD4-215151230A5C}.Debug|x64.Build.0 = Debug|Any CPU
		{73C935B5-0EC4-4FC5-ACD4-215151230A5C}.Debug|x86.ActiveCfg = Debug|Any CPU
		{73C935B5-0EC4-4FC5-ACD4-215151230A5C}.Debug|x86.Build.0 = Debug|Any CPU
		{73C935B5-0EC4-4FC5-ACD4-215151230A5C}.Release|Any CPU.ActiveCfg = Release|Any CPU
		{73C935B5-0EC4-4FC5-ACD4-215151230A5C}.Release|Any CPU.Build.0 = Release|Any CPU
		{73C935B5-0EC4-4FC5-ACD4-215151230A5C}.Release|x64.ActiveCfg = Release|Any CPU
		{73C935B5-0EC4-4FC5-ACD4-215151230A5C}.Release|x64.Build.0 = Release|Any CPU
		{73C935B5-0EC4-4FC5-ACD4-215151230A5C}.Release|x86.ActiveCfg = Release|Any CPU
		{73C935B5-0EC4-4FC5-ACD4-215151230A5C}.Release|x86.Build.0 = Release|Any CPU
		{50CE4EEB-BD66-44F9-9A13-553830433D9F}.Debug|Any CPU.ActiveCfg = Debug|Any CPU
		{50CE4EEB-BD66-44F9-9A13-553830433D9F}.Debug|Any CPU.Build.0 = Debug|Any CPU
		{50CE4EEB-BD66-44F9-9A13-553830433D9F}.Debug|x64.ActiveCfg = Debug|Any CPU
		{50CE4EEB-BD66-44F9-9A13-553830433D9F}.Debug|x64.Build.0 = Debug|Any CPU
		{50CE4EEB-BD66-44F9-9A13-553830433D9F}.Debug|x86.ActiveCfg = Debug|Any CPU
		{50CE4EEB-BD66-44F9-9A13-553830433D9F}.Debug|x86.Build.0 = Debug|Any CPU
		{50CE4EEB-BD66-44F9-9A13-553830433D9F}.Release|Any CPU.ActiveCfg = Release|Any CPU
		{50CE4EEB-BD66-44F9-9A13-553830433D9F}.Release|Any CPU.Build.0 = Release|Any CPU
		{50CE4EEB-BD66-44F9-9A13-553830433D9F}.Release|x64.ActiveCfg = Release|Any CPU
		{50CE4EEB-BD66-44F9-9A13-553830433D9F}.Release|x64.Build.0 = Release|Any CPU
		{50CE4EEB-BD66-44F9-9A13-553830433D9F}.Release|x86.ActiveCfg = Release|Any CPU
		{50CE4EEB-BD66-44F9-9A13-553830433D9F}.Release|x86.Build.0 = Release|Any CPU
		{556502BC-F601-48CA-AADF-24213962A47C}.Debug|Any CPU.ActiveCfg = Debug|Any CPU
		{556502BC-F601-48CA-AADF-24213962A47C}.Debug|Any CPU.Build.0 = Debug|Any CPU
		{556502BC-F601-48CA-AADF-24213962A47C}.Debug|x64.ActiveCfg = Debug|Any CPU
		{556502BC-F601-48CA-AADF-24213962A47C}.Debug|x64.Build.0 = Debug|Any CPU
		{556502BC-F601-48CA-AADF-24213962A47C}.Debug|x86.ActiveCfg = Debug|Any CPU
		{556502BC-F601-48CA-AADF-24213962A47C}.Debug|x86.Build.0 = Debug|Any CPU
		{556502BC-F601-48CA-AADF-24213962A47C}.Release|Any CPU.ActiveCfg = Release|Any CPU
		{556502BC-F601-48CA-AADF-24213962A47C}.Release|Any CPU.Build.0 = Release|Any CPU
		{556502BC-F601-48CA-AADF-24213962A47C}.Release|x64.ActiveCfg = Release|Any CPU
		{556502BC-F601-48CA-AADF-24213962A47C}.Release|x64.Build.0 = Release|Any CPU
		{556502BC-F601-48CA-AADF-24213962A47C}.Release|x86.ActiveCfg = Release|Any CPU
		{556502BC-F601-48CA-AADF-24213962A47C}.Release|x86.Build.0 = Release|Any CPU
		{31159C60-91D9-4A62-BA6D-030557981F7D}.Debug|Any CPU.ActiveCfg = Debug|Any CPU
		{31159C60-91D9-4A62-BA6D-030557981F7D}.Debug|Any CPU.Build.0 = Debug|Any CPU
		{31159C60-91D9-4A62-BA6D-030557981F7D}.Debug|x64.ActiveCfg = Debug|Any CPU
		{31159C60-91D9-4A62-BA6D-030557981F7D}.Debug|x64.Build.0 = Debug|Any CPU
		{31159C60-91D9-4A62-BA6D-030557981F7D}.Debug|x86.ActiveCfg = Debug|Any CPU
		{31159C60-91D9-4A62-BA6D-030557981F7D}.Debug|x86.Build.0 = Debug|Any CPU
		{31159C60-91D9-4A62-BA6D-030557981F7D}.Release|Any CPU.ActiveCfg = Release|Any CPU
		{31159C60-91D9-4A62-BA6D-030557981F7D}.Release|Any CPU.Build.0 = Release|Any CPU
		{31159C60-91D9-4A62-BA6D-030557981F7D}.Release|x64.ActiveCfg = Release|Any CPU
		{31159C60-91D9-4A62-BA6D-030557981F7D}.Release|x64.Build.0 = Release|Any CPU
		{31159C60-91D9-4A62-BA6D-030557981F7D}.Release|x86.ActiveCfg = Release|Any CPU
		{31159C60-91D9-4A62-BA6D-030557981F7D}.Release|x86.Build.0 = Release|Any CPU
		{D283DA98-CFC3-4AA7-8B49-1D7CED79A3FA}.Debug|Any CPU.ActiveCfg = Debug|Any CPU
		{D283DA98-CFC3-4AA7-8B49-1D7CED79A3FA}.Debug|Any CPU.Build.0 = Debug|Any CPU
		{D283DA98-CFC3-4AA7-8B49-1D7CED79A3FA}.Debug|x64.ActiveCfg = Debug|Any CPU
		{D283DA98-CFC3-4AA7-8B49-1D7CED79A3FA}.Debug|x64.Build.0 = Debug|Any CPU
		{D283DA98-CFC3-4AA7-8B49-1D7CED79A3FA}.Debug|x86.ActiveCfg = Debug|Any CPU
		{D283DA98-CFC3-4AA7-8B49-1D7CED79A3FA}.Debug|x86.Build.0 = Debug|Any CPU
		{D283DA98-CFC3-4AA7-8B49-1D7CED79A3FA}.Release|Any CPU.ActiveCfg = Release|Any CPU
		{D283DA98-CFC3-4AA7-8B49-1D7CED79A3FA}.Release|Any CPU.Build.0 = Release|Any CPU
		{D283DA98-CFC3-4AA7-8B49-1D7CED79A3FA}.Release|x64.ActiveCfg = Release|Any CPU
		{D283DA98-CFC3-4AA7-8B49-1D7CED79A3FA}.Release|x64.Build.0 = Release|Any CPU
		{D283DA98-CFC3-4AA7-8B49-1D7CED79A3FA}.Release|x86.ActiveCfg = Release|Any CPU
		{D283DA98-CFC3-4AA7-8B49-1D7CED79A3FA}.Release|x86.Build.0 = Release|Any CPU
		{AFEC7BE8-8991-466E-B7BE-5F27B1550AE2}.Debug|Any CPU.ActiveCfg = Debug|Any CPU
		{AFEC7BE8-8991-466E-B7BE-5F27B1550AE2}.Debug|Any CPU.Build.0 = Debug|Any CPU
		{AFEC7BE8-8991-466E-B7BE-5F27B1550AE2}.Debug|x64.ActiveCfg = Debug|Any CPU
		{AFEC7BE8-8991-466E-B7BE-5F27B1550AE2}.Debug|x64.Build.0 = Debug|Any CPU
		{AFEC7BE8-8991-466E-B7BE-5F27B1550AE2}.Debug|x86.ActiveCfg = Debug|Any CPU
		{AFEC7BE8-8991-466E-B7BE-5F27B1550AE2}.Debug|x86.Build.0 = Debug|Any CPU
		{AFEC7BE8-8991-466E-B7BE-5F27B1550AE2}.Release|Any CPU.ActiveCfg = Release|Any CPU
		{AFEC7BE8-8991-466E-B7BE-5F27B1550AE2}.Release|Any CPU.Build.0 = Release|Any CPU
		{AFEC7BE8-8991-466E-B7BE-5F27B1550AE2}.Release|x64.ActiveCfg = Release|Any CPU
		{AFEC7BE8-8991-466E-B7BE-5F27B1550AE2}.Release|x64.Build.0 = Release|Any CPU
		{AFEC7BE8-8991-466E-B7BE-5F27B1550AE2}.Release|x86.ActiveCfg = Release|Any CPU
		{AFEC7BE8-8991-466E-B7BE-5F27B1550AE2}.Release|x86.Build.0 = Release|Any CPU
		{2866D02B-13D4-4280-90D7-4364E6BB96FF}.Debug|Any CPU.ActiveCfg = Debug|Any CPU
		{2866D02B-13D4-4280-90D7-4364E6BB96FF}.Debug|Any CPU.Build.0 = Debug|Any CPU
		{2866D02B-13D4-4280-90D7-4364E6BB96FF}.Debug|x64.ActiveCfg = Debug|Any CPU
		{2866D02B-13D4-4280-90D7-4364E6BB96FF}.Debug|x64.Build.0 = Debug|Any CPU
		{2866D02B-13D4-4280-90D7-4364E6BB96FF}.Debug|x86.ActiveCfg = Debug|Any CPU
		{2866D02B-13D4-4280-90D7-4364E6BB96FF}.Debug|x86.Build.0 = Debug|Any CPU
		{2866D02B-13D4-4280-90D7-4364E6BB96FF}.Release|Any CPU.ActiveCfg = Release|Any CPU
		{2866D02B-13D4-4280-90D7-4364E6BB96FF}.Release|Any CPU.Build.0 = Release|Any CPU
		{2866D02B-13D4-4280-90D7-4364E6BB96FF}.Release|x64.ActiveCfg = Release|Any CPU
		{2866D02B-13D4-4280-90D7-4364E6BB96FF}.Release|x64.Build.0 = Release|Any CPU
		{2866D02B-13D4-4280-90D7-4364E6BB96FF}.Release|x86.ActiveCfg = Release|Any CPU
		{2866D02B-13D4-4280-90D7-4364E6BB96FF}.Release|x86.Build.0 = Release|Any CPU
	EndGlobalSection
	GlobalSection(SolutionProperties) = preSolution
		HideSolutionNode = FALSE
	EndGlobalSection
	GlobalSection(NestedProjects) = preSolution
		{59702E6B-25DF-4495-8473-A715A061342D} = {85FAFA3E-69D7-4816-B5A4-243BAC4AEC59}
		{ACAF5422-7F76-47DB-8F83-8CF1E8F5039A} = {85FAFA3E-69D7-4816-B5A4-243BAC4AEC59}
		{460356D2-AA83-4B47-8EE8-20213D6F6F05} = {ACAF5422-7F76-47DB-8F83-8CF1E8F5039A}
		{3CD165EF-F331-470A-90D8-8A111C5172B9} = {85FAFA3E-69D7-4816-B5A4-243BAC4AEC59}
		{0B5FF807-0062-4E6B-8BE0-1516AB5B1CAD} = {59702E6B-25DF-4495-8473-A715A061342D}
		{73C935B5-0EC4-4FC5-ACD4-215151230A5C} = {3CD165EF-F331-470A-90D8-8A111C5172B9}
		{50CE4EEB-BD66-44F9-9A13-553830433D9F} = {3CD165EF-F331-470A-90D8-8A111C5172B9}
		{556502BC-F601-48CA-AADF-24213962A47C} = {0B5FF807-0062-4E6B-8BE0-1516AB5B1CAD}
		{31159C60-91D9-4A62-BA6D-030557981F7D} = {0B5FF807-0062-4E6B-8BE0-1516AB5B1CAD}
		{D283DA98-CFC3-4AA7-8B49-1D7CED79A3FA} = {ACAF5422-7F76-47DB-8F83-8CF1E8F5039A}
		{AFEC7BE8-8991-466E-B7BE-5F27B1550AE2} = {ACAF5422-7F76-47DB-8F83-8CF1E8F5039A}
		{2866D02B-13D4-4280-90D7-4364E6BB96FF} = {ACAF5422-7F76-47DB-8F83-8CF1E8F5039A}
	EndGlobalSection
	GlobalSection(ExtensibilityGlobals) = postSolution
		SolutionGuid = {CAEF2A76-F114-4685-8634-0D207E28F58C}
	EndGlobalSection
EndGlobal
