
Microsoft Visual Studio Solution File, Format Version 12.00
# Visual Studio Version 16
VisualStudioVersion = 16.0.29613.14
MinimumVisualStudioVersion = 10.0.40219.1
Project("{2150E333-8FDC-42A3-9474-1A3956D46DE8}") = "02 Application", "02 Application", "{59702E6B-25DF-4495-8473-A715A061342D}"
EndProject
Project("{2150E333-8FDC-42A3-9474-1A3956D46DE8}") = "03 Host", "03 Host", "{ACAF5422-7F76-47DB-8F83-8CF1E8F5039A}"
EndProject
Project("{2150E333-8FDC-42A3-9474-1A3956D46DE8}") = "src", "src", "{85FAFA3E-69D7-4816-B5A4-243BAC4AEC59}"
EndProject
Project("{2150E333-8FDC-42A3-9474-1A3956D46DE8}") = "01 Core", "01 Core", "{3CD165EF-F331-470A-90D8-8A111C5172B9}"
EndProject
Project("{2150E333-8FDC-42A3-9474-1A3956D46DE8}") = "Common", "Common", "{0B5FF807-0062-4E6B-8BE0-1516AB5B1CAD}"
EndProject
Project("{2150E333-8FDC-42A3-9474-1A3956D46DE8}") = "Solution Items", "Solution Items", "{AF5F70BA-390E-4395-B5B1-B4B7B5C3254C}"
	ProjectSection(SolutionItems) = preProject
		README.md = README.md
	EndProjectSection
EndProject
Project("{9A19103F-16F7-4668-BE54-9A1E7A4F7556}") = "CompanyName.ProjectName.Core", "src\01 Core\Core\CompanyName.ProjectName.Core.csproj", "{2539B7EB-C4FD-471A-9283-5D9274B28A05}"
EndProject
Project("{9A19103F-16F7-4668-BE54-9A1E7A4F7556}") = "CompanyName.ProjectName.Enum", "src\01 Core\Enum\CompanyName.ProjectName.Enum.csproj", "{80B25979-328A-4140-9B7B-3A411D81F1DB}"
EndProject
Project("{9A19103F-16F7-4668-BE54-9A1E7A4F7556}") = "CompanyName.ProjectName.CommonServer", "src\02 Application\Common\CompanyName.ProjectName.CommonServer\CompanyName.ProjectName.CommonServer.csproj", "{10621C0B-C0FB-4854-BAAA-46CA6BF430F2}"
EndProject
Project("{9A19103F-16F7-4668-BE54-9A1E7A4F7556}") = "CompanyName.ProjectName.ICommonServer", "src\02 Application\Common\CompanyName.ProjectName.ICommonServer\CompanyName.ProjectName.ICommonServer.csproj", "{613DECCF-67AC-43F1-9C56-51E4B4E8E091}"
EndProject
Project("{9A19103F-16F7-4668-BE54-9A1E7A4F7556}") = "CompanyName.ProjectName.Hangfire.Job", "src\03 Host\CompanyName.ProjectName.Hangfire.Job\CompanyName.ProjectName.Hangfire.Job.csproj", "{D667A1D4-5043-464F-8DDD-345702B06354}"
EndProject
Project("{9A19103F-16F7-4668-BE54-9A1E7A4F7556}") = "CompanyName.ProjectName.HttpApi.Host", "src\03 Host\CompanyName.ProjectName.HttpApi.Host\CompanyName.ProjectName.HttpApi.Host.csproj", "{6A6677E2-E652-4783-81D4-B343043E6CB7}"
EndProject
Project("{9A19103F-16F7-4668-BE54-9A1E7A4F7556}") = "CompanyName.ProjectName.IdentityServer", "src\03 Host\CompanyName.ProjectName.IdentityServer\CompanyName.ProjectName.IdentityServer.csproj", "{A284E3D3-7DAC-43C0-99B4-C5A3B80338EB}"
EndProject
Project("{9A19103F-16F7-4668-BE54-9A1E7A4F7556}") = "CompanyName.ProjectName.Web.Host", "src\03 Host\CompanyName.ProjectName.Web.Host\CompanyName.ProjectName.Web.Host.csproj", "{DE1EB05E-9575-4694-981C-1B6195BDE7D0}"
EndProject
Global
	GlobalSection(SolutionConfigurationPlatforms) = preSolution
		Debug|Any CPU = Debug|Any CPU
		Debug|x64 = Debug|x64
		Debug|x86 = Debug|x86
		Release|Any CPU = Release|Any CPU
		Release|x64 = Release|x64
		Release|x86 = Release|x86
	EndGlobalSection
	GlobalSection(ProjectConfigurationPlatforms) = postSolution
		{2539B7EB-C4FD-471A-9283-5D9274B28A05}.Debug|Any CPU.ActiveCfg = Debug|Any CPU
		{2539B7EB-C4FD-471A-9283-5D9274B28A05}.Debug|Any CPU.Build.0 = Debug|Any CPU
		{2539B7EB-C4FD-471A-9283-5D9274B28A05}.Debug|x64.ActiveCfg = Debug|Any CPU
		{2539B7EB-C4FD-471A-9283-5D9274B28A05}.Debug|x64.Build.0 = Debug|Any CPU
		{2539B7EB-C4FD-471A-9283-5D9274B28A05}.Debug|x86.ActiveCfg = Debug|Any CPU
		{2539B7EB-C4FD-471A-9283-5D9274B28A05}.Debug|x86.Build.0 = Debug|Any CPU
		{2539B7EB-C4FD-471A-9283-5D9274B28A05}.Release|Any CPU.ActiveCfg = Release|Any CPU
		{2539B7EB-C4FD-471A-9283-5D9274B28A05}.Release|Any CPU.Build.0 = Release|Any CPU
		{2539B7EB-C4FD-471A-9283-5D9274B28A05}.Release|x64.ActiveCfg = Release|Any CPU
		{2539B7EB-C4FD-471A-9283-5D9274B28A05}.Release|x64.Build.0 = Release|Any CPU
		{2539B7EB-C4FD-471A-9283-5D9274B28A05}.Release|x86.ActiveCfg = Release|Any CPU
		{2539B7EB-C4FD-471A-9283-5D9274B28A05}.Release|x86.Build.0 = Release|Any CPU
		{80B25979-328A-4140-9B7B-3A411D81F1DB}.Debug|Any CPU.ActiveCfg = Debug|Any CPU
		{80B25979-328A-4140-9B7B-3A411D81F1DB}.Debug|Any CPU.Build.0 = Debug|Any CPU
		{80B25979-328A-4140-9B7B-3A411D81F1DB}.Debug|x64.ActiveCfg = Debug|Any CPU
		{80B25979-328A-4140-9B7B-3A411D81F1DB}.Debug|x64.Build.0 = Debug|Any CPU
		{80B25979-328A-4140-9B7B-3A411D81F1DB}.Debug|x86.ActiveCfg = Debug|Any CPU
		{80B25979-328A-4140-9B7B-3A411D81F1DB}.Debug|x86.Build.0 = Debug|Any CPU
		{80B25979-328A-4140-9B7B-3A411D81F1DB}.Release|Any CPU.ActiveCfg = Release|Any CPU
		{80B25979-328A-4140-9B7B-3A411D81F1DB}.Release|Any CPU.Build.0 = Release|Any CPU
		{80B25979-328A-4140-9B7B-3A411D81F1DB}.Release|x64.ActiveCfg = Release|Any CPU
		{80B25979-328A-4140-9B7B-3A411D81F1DB}.Release|x64.Build.0 = Release|Any CPU
		{80B25979-328A-4140-9B7B-3A411D81F1DB}.Release|x86.ActiveCfg = Release|Any CPU
		{80B25979-328A-4140-9B7B-3A411D81F1DB}.Release|x86.Build.0 = Release|Any CPU
		{10621C0B-C0FB-4854-BAAA-46CA6BF430F2}.Debug|Any CPU.ActiveCfg = Debug|Any CPU
		{10621C0B-C0FB-4854-BAAA-46CA6BF430F2}.Debug|Any CPU.Build.0 = Debug|Any CPU
		{10621C0B-C0FB-4854-BAAA-46CA6BF430F2}.Debug|x64.ActiveCfg = Debug|Any CPU
		{10621C0B-C0FB-4854-BAAA-46CA6BF430F2}.Debug|x64.Build.0 = Debug|Any CPU
		{10621C0B-C0FB-4854-BAAA-46CA6BF430F2}.Debug|x86.ActiveCfg = Debug|Any CPU
		{10621C0B-C0FB-4854-BAAA-46CA6BF430F2}.Debug|x86.Build.0 = Debug|Any CPU
		{10621C0B-C0FB-4854-BAAA-46CA6BF430F2}.Release|Any CPU.ActiveCfg = Release|Any CPU
		{10621C0B-C0FB-4854-BAAA-46CA6BF430F2}.Release|Any CPU.Build.0 = Release|Any CPU
		{10621C0B-C0FB-4854-BAAA-46CA6BF430F2}.Release|x64.ActiveCfg = Release|Any CPU
		{10621C0B-C0FB-4854-BAAA-46CA6BF430F2}.Release|x64.Build.0 = Release|Any CPU
		{10621C0B-C0FB-4854-BAAA-46CA6BF430F2}.Release|x86.ActiveCfg = Release|Any CPU
		{10621C0B-C0FB-4854-BAAA-46CA6BF430F2}.Release|x86.Build.0 = Release|Any CPU
		{613DECCF-67AC-43F1-9C56-51E4B4E8E091}.Debug|Any CPU.ActiveCfg = Debug|Any CPU
		{613DECCF-67AC-43F1-9C56-51E4B4E8E091}.Debug|Any CPU.Build.0 = Debug|Any CPU
		{613DECCF-67AC-43F1-9C56-51E4B4E8E091}.Debug|x64.ActiveCfg = Debug|Any CPU
		{613DECCF-67AC-43F1-9C56-51E4B4E8E091}.Debug|x64.Build.0 = Debug|Any CPU
		{613DECCF-67AC-43F1-9C56-51E4B4E8E091}.Debug|x86.ActiveCfg = Debug|Any CPU
		{613DECCF-67AC-43F1-9C56-51E4B4E8E091}.Debug|x86.Build.0 = Debug|Any CPU
		{613DECCF-67AC-43F1-9C56-51E4B4E8E091}.Release|Any CPU.ActiveCfg = Release|Any CPU
		{613DECCF-67AC-43F1-9C56-51E4B4E8E091}.Release|Any CPU.Build.0 = Release|Any CPU
		{613DECCF-67AC-43F1-9C56-51E4B4E8E091}.Release|x64.ActiveCfg = Release|Any CPU
		{613DECCF-67AC-43F1-9C56-51E4B4E8E091}.Release|x64.Build.0 = Release|Any CPU
		{613DECCF-67AC-43F1-9C56-51E4B4E8E091}.Release|x86.ActiveCfg = Release|Any CPU
		{613DECCF-67AC-43F1-9C56-51E4B4E8E091}.Release|x86.Build.0 = Release|Any CPU
		{D667A1D4-5043-464F-8DDD-345702B06354}.Debug|Any CPU.ActiveCfg = Debug|Any CPU
		{D667A1D4-5043-464F-8DDD-345702B06354}.Debug|Any CPU.Build.0 = Debug|Any CPU
		{D667A1D4-5043-464F-8DDD-345702B06354}.Debug|x64.ActiveCfg = Debug|Any CPU
		{D667A1D4-5043-464F-8DDD-345702B06354}.Debug|x64.Build.0 = Debug|Any CPU
		{D667A1D4-5043-464F-8DDD-345702B06354}.Debug|x86.ActiveCfg = Debug|Any CPU
		{D667A1D4-5043-464F-8DDD-345702B06354}.Debug|x86.Build.0 = Debug|Any CPU
		{D667A1D4-5043-464F-8DDD-345702B06354}.Release|Any CPU.ActiveCfg = Release|Any CPU
		{D667A1D4-5043-464F-8DDD-345702B06354}.Release|Any CPU.Build.0 = Release|Any CPU
		{D667A1D4-5043-464F-8DDD-345702B06354}.Release|x64.ActiveCfg = Release|Any CPU
		{D667A1D4-5043-464F-8DDD-345702B06354}.Release|x64.Build.0 = Release|Any CPU
		{D667A1D4-5043-464F-8DDD-345702B06354}.Release|x86.ActiveCfg = Release|Any CPU
		{D667A1D4-5043-464F-8DDD-345702B06354}.Release|x86.Build.0 = Release|Any CPU
		{6A6677E2-E652-4783-81D4-B343043E6CB7}.Debug|Any CPU.ActiveCfg = Debug|Any CPU
		{6A6677E2-E652-4783-81D4-B343043E6CB7}.Debug|Any CPU.Build.0 = Debug|Any CPU
		{6A6677E2-E652-4783-81D4-B343043E6CB7}.Debug|x64.ActiveCfg = Debug|Any CPU
		{6A6677E2-E652-4783-81D4-B343043E6CB7}.Debug|x64.Build.0 = Debug|Any CPU
		{6A6677E2-E652-4783-81D4-B343043E6CB7}.Debug|x86.ActiveCfg = Debug|Any CPU
		{6A6677E2-E652-4783-81D4-B343043E6CB7}.Debug|x86.Build.0 = Debug|Any CPU
		{6A6677E2-E652-4783-81D4-B343043E6CB7}.Release|Any CPU.ActiveCfg = Release|Any CPU
		{6A6677E2-E652-4783-81D4-B343043E6CB7}.Release|Any CPU.Build.0 = Release|Any CPU
		{6A6677E2-E652-4783-81D4-B343043E6CB7}.Release|x64.ActiveCfg = Release|Any CPU
		{6A6677E2-E652-4783-81D4-B343043E6CB7}.Release|x64.Build.0 = Release|Any CPU
		{6A6677E2-E652-4783-81D4-B343043E6CB7}.Release|x86.ActiveCfg = Release|Any CPU
		{6A6677E2-E652-4783-81D4-B343043E6CB7}.Release|x86.Build.0 = Release|Any CPU
		{A284E3D3-7DAC-43C0-99B4-C5A3B80338EB}.Debug|Any CPU.ActiveCfg = Debug|Any CPU
		{A284E3D3-7DAC-43C0-99B4-C5A3B80338EB}.Debug|Any CPU.Build.0 = Debug|Any CPU
		{A284E3D3-7DAC-43C0-99B4-C5A3B80338EB}.Debug|x64.ActiveCfg = Debug|Any CPU
		{A284E3D3-7DAC-43C0-99B4-C5A3B80338EB}.Debug|x64.Build.0 = Debug|Any CPU
		{A284E3D3-7DAC-43C0-99B4-C5A3B80338EB}.Debug|x86.ActiveCfg = Debug|Any CPU
		{A284E3D3-7DAC-43C0-99B4-C5A3B80338EB}.Debug|x86.Build.0 = Debug|Any CPU
		{A284E3D3-7DAC-43C0-99B4-C5A3B80338EB}.Release|Any CPU.ActiveCfg = Release|Any CPU
		{A284E3D3-7DAC-43C0-99B4-C5A3B80338EB}.Release|Any CPU.Build.0 = Release|Any CPU
		{A284E3D3-7DAC-43C0-99B4-C5A3B80338EB}.Release|x64.ActiveCfg = Release|Any CPU
		{A284E3D3-7DAC-43C0-99B4-C5A3B80338EB}.Release|x64.Build.0 = Release|Any CPU
		{A284E3D3-7DAC-43C0-99B4-C5A3B80338EB}.Release|x86.ActiveCfg = Release|Any CPU
		{A284E3D3-7DAC-43C0-99B4-C5A3B80338EB}.Release|x86.Build.0 = Release|Any CPU
		{DE1EB05E-9575-4694-981C-1B6195BDE7D0}.Debug|Any CPU.ActiveCfg = Debug|Any CPU
		{DE1EB05E-9575-4694-981C-1B6195BDE7D0}.Debug|Any CPU.Build.0 = Debug|Any CPU
		{DE1EB05E-9575-4694-981C-1B6195BDE7D0}.Debug|x64.ActiveCfg = Debug|Any CPU
		{DE1EB05E-9575-4694-981C-1B6195BDE7D0}.Debug|x64.Build.0 = Debug|Any CPU
		{DE1EB05E-9575-4694-981C-1B6195BDE7D0}.Debug|x86.ActiveCfg = Debug|Any CPU
		{DE1EB05E-9575-4694-981C-1B6195BDE7D0}.Debug|x86.Build.0 = Debug|Any CPU
		{DE1EB05E-9575-4694-981C-1B6195BDE7D0}.Release|Any CPU.ActiveCfg = Release|Any CPU
		{DE1EB05E-9575-4694-981C-1B6195BDE7D0}.Release|Any CPU.Build.0 = Release|Any CPU
		{DE1EB05E-9575-4694-981C-1B6195BDE7D0}.Release|x64.ActiveCfg = Release|Any CPU
		{DE1EB05E-9575-4694-981C-1B6195BDE7D0}.Release|x64.Build.0 = Release|Any CPU
		{DE1EB05E-9575-4694-981C-1B6195BDE7D0}.Release|x86.ActiveCfg = Release|Any CPU
		{DE1EB05E-9575-4694-981C-1B6195BDE7D0}.Release|x86.Build.0 = Release|Any CPU
	EndGlobalSection
	GlobalSection(SolutionProperties) = preSolution
		HideSolutionNode = FALSE
	EndGlobalSection
	GlobalSection(NestedProjects) = preSolution
		{59702E6B-25DF-4495-8473-A715A061342D} = {85FAFA3E-69D7-4816-B5A4-243BAC4AEC59}
		{ACAF5422-7F76-47DB-8F83-8CF1E8F5039A} = {85FAFA3E-69D7-4816-B5A4-243BAC4AEC59}
		{3CD165EF-F331-470A-90D8-8A111C5172B9} = {85FAFA3E-69D7-4816-B5A4-243BAC4AEC59}
		{0B5FF807-0062-4E6B-8BE0-1516AB5B1CAD} = {59702E6B-25DF-4495-8473-A715A061342D}
		{2539B7EB-C4FD-471A-9283-5D9274B28A05} = {3CD165EF-F331-470A-90D8-8A111C5172B9}
		{80B25979-328A-4140-9B7B-3A411D81F1DB} = {3CD165EF-F331-470A-90D8-8A111C5172B9}
		{10621C0B-C0FB-4854-BAAA-46CA6BF430F2} = {0B5FF807-0062-4E6B-8BE0-1516AB5B1CAD}
		{613DECCF-67AC-43F1-9C56-51E4B4E8E091} = {0B5FF807-0062-4E6B-8BE0-1516AB5B1CAD}
		{D667A1D4-5043-464F-8DDD-345702B06354} = {ACAF5422-7F76-47DB-8F83-8CF1E8F5039A}
		{6A6677E2-E652-4783-81D4-B343043E6CB7} = {ACAF5422-7F76-47DB-8F83-8CF1E8F5039A}
		{A284E3D3-7DAC-43C0-99B4-C5A3B80338EB} = {ACAF5422-7F76-47DB-8F83-8CF1E8F5039A}
		{DE1EB05E-9575-4694-981C-1B6195BDE7D0} = {ACAF5422-7F76-47DB-8F83-8CF1E8F5039A}
	EndGlobalSection
	GlobalSection(ExtensibilityGlobals) = postSolution
		SolutionGuid = {CAEF2A76-F114-4685-8634-0D207E28F58C}
	EndGlobalSection
EndGlobal
