
Microsoft Visual Studio Solution File, Format Version 12.00
# Visual Studio 15
VisualStudioVersion = 15.0.27130.2003
MinimumVisualStudioVersion = 10.0.40219.1
Project("{2150E333-8FDC-42A3-9474-1A3956D46DE8}") = "02 Application", "02 Application", "{59702E6B-25DF-4495-8473-A715A061342D}"
EndProject
Project("{2150E333-8FDC-42A3-9474-1A3956D46DE8}") = "01 Basics", "01 Basics", "{7AE117CE-7C92-4AD1-94BE-CB0C1C7CC9D6}"
EndProject
Project("{2150E333-8FDC-42A3-9474-1A3956D46DE8}") = "03 UI", "03 UI", "{ACAF5422-7F76-47DB-8F83-8CF1E8F5039A}"
EndProject
Project("{9A19103F-16F7-4668-BE54-9A1E7A4F7556}") = "dotNET.EntityFrameworkCore", "src\dotNET.EFCoreRepository\dotNET.EntityFrameworkCore.csproj", "{4A60454F-C46F-49D2-BFD3-A8615AE95308}"
EndProject
Project("{9A19103F-16F7-4668-BE54-9A1E7A4F7556}") = "dotNET.Dto", "src\dotNET.Dto\dotNET.Dto.csproj", "{DC62347F-52AD-4F47-80BB-0ACAB35428AB}"
EndProject
Project("{9A19103F-16F7-4668-BE54-9A1E7A4F7556}") = "dotNET.Domain", "src\dotNET.Domain\dotNET.Domain.csproj", "{F8497800-C7E1-4B3A-A8D4-9177EA7BEF97}"
EndProject
Project("{9A19103F-16F7-4668-BE54-9A1E7A4F7556}") = "dotNET.Application", "src\dotNET.Application\dotNET.Application.csproj", "{8D86418B-E75D-4E8D-BC78-3551ECAD8D80}"
EndProject
Project("{9A19103F-16F7-4668-BE54-9A1E7A4F7556}") = "dotNET.Core", "src\dotNET.Core\dotNET.Core.csproj", "{9F630D6F-B145-44E3-91DB-CEDC494B2AD9}"
EndProject
Project("{9A19103F-16F7-4668-BE54-9A1E7A4F7556}") = "dotNET.Hangfire.Job", "src\dotNET.Hangfire.Job\dotNET.Hangfire.Job.csproj", "{D80A73B9-5FF0-4433-A16A-D7EC2974ADEB}"
EndProject
Project("{9A19103F-16F7-4668-BE54-9A1E7A4F7556}") = "dotNET.Web.Host", "src\dotNET.Web\dotNET.Web.Host.csproj", "{E8EEAE8D-7B6A-4913-8BFE-5B2B08B4F045}"
EndProject
Project("{9A19103F-16F7-4668-BE54-9A1E7A4F7556}") = "dotNET.HttpApi.Host", "src\dotNET.WebApi\dotNET.HttpApi.Host.csproj", "{EDF3DF34-602C-4C13-A156-1D3548336594}"
EndProject
Project("{2150E333-8FDC-42A3-9474-1A3956D46DE8}") = "test", "test", "{9ED74A1F-3EE2-44B4-BBB7-A1E04CB15BC4}"
EndProject
Project("{2150E333-8FDC-42A3-9474-1A3956D46DE8}") = "src", "src", "{85FAFA3E-69D7-4816-B5A4-243BAC4AEC59}"
EndProject
Project("{9A19103F-16F7-4668-BE54-9A1E7A4F7556}") = "dotNET.IdentityServer", "src\dotNET.Identity\dotNET.IdentityServer.csproj", "{E1989DE4-970F-41F0-A451-E4FC2A171BD5}"
EndProject
Global
	GlobalSection(SolutionConfigurationPlatforms) = preSolution
		Debug|Any CPU = Debug|Any CPU
		Debug|x64 = Debug|x64
		Debug|x86 = Debug|x86
		Release|Any CPU = Release|Any CPU
		Release|x64 = Release|x64
		Release|x86 = Release|x86
	EndGlobalSection
	GlobalSection(ProjectConfigurationPlatforms) = postSolution
		{4A60454F-C46F-49D2-BFD3-A8615AE95308}.Debug|Any CPU.ActiveCfg = Debug|Any CPU
		{4A60454F-C46F-49D2-BFD3-A8615AE95308}.Debug|Any CPU.Build.0 = Debug|Any CPU
		{4A60454F-C46F-49D2-BFD3-A8615AE95308}.Debug|x64.ActiveCfg = Debug|Any CPU
		{4A60454F-C46F-49D2-BFD3-A8615AE95308}.Debug|x64.Build.0 = Debug|Any CPU
		{4A60454F-C46F-49D2-BFD3-A8615AE95308}.Debug|x86.ActiveCfg = Debug|Any CPU
		{4A60454F-C46F-49D2-BFD3-A8615AE95308}.Debug|x86.Build.0 = Debug|Any CPU
		{4A60454F-C46F-49D2-BFD3-A8615AE95308}.Release|Any CPU.ActiveCfg = Release|Any CPU
		{4A60454F-C46F-49D2-BFD3-A8615AE95308}.Release|Any CPU.Build.0 = Release|Any CPU
		{4A60454F-C46F-49D2-BFD3-A8615AE95308}.Release|x64.ActiveCfg = Release|Any CPU
		{4A60454F-C46F-49D2-BFD3-A8615AE95308}.Release|x64.Build.0 = Release|Any CPU
		{4A60454F-C46F-49D2-BFD3-A8615AE95308}.Release|x86.ActiveCfg = Release|Any CPU
		{4A60454F-C46F-49D2-BFD3-A8615AE95308}.Release|x86.Build.0 = Release|Any CPU
		{DC62347F-52AD-4F47-80BB-0ACAB35428AB}.Debug|Any CPU.ActiveCfg = Debug|Any CPU
		{DC62347F-52AD-4F47-80BB-0ACAB35428AB}.Debug|Any CPU.Build.0 = Debug|Any CPU
		{DC62347F-52AD-4F47-80BB-0ACAB35428AB}.Debug|x64.ActiveCfg = Debug|Any CPU
		{DC62347F-52AD-4F47-80BB-0ACAB35428AB}.Debug|x64.Build.0 = Debug|Any CPU
		{DC62347F-52AD-4F47-80BB-0ACAB35428AB}.Debug|x86.ActiveCfg = Debug|Any CPU
		{DC62347F-52AD-4F47-80BB-0ACAB35428AB}.Debug|x86.Build.0 = Debug|Any CPU
		{DC62347F-52AD-4F47-80BB-0ACAB35428AB}.Release|Any CPU.ActiveCfg = Release|Any CPU
		{DC62347F-52AD-4F47-80BB-0ACAB35428AB}.Release|Any CPU.Build.0 = Release|Any CPU
		{DC62347F-52AD-4F47-80BB-0ACAB35428AB}.Release|x64.ActiveCfg = Release|Any CPU
		{DC62347F-52AD-4F47-80BB-0ACAB35428AB}.Release|x64.Build.0 = Release|Any CPU
		{DC62347F-52AD-4F47-80BB-0ACAB35428AB}.Release|x86.ActiveCfg = Release|Any CPU
		{DC62347F-52AD-4F47-80BB-0ACAB35428AB}.Release|x86.Build.0 = Release|Any CPU
		{F8497800-C7E1-4B3A-A8D4-9177EA7BEF97}.Debug|Any CPU.ActiveCfg = Debug|Any CPU
		{F8497800-C7E1-4B3A-A8D4-9177EA7BEF97}.Debug|Any CPU.Build.0 = Debug|Any CPU
		{F8497800-C7E1-4B3A-A8D4-9177EA7BEF97}.Debug|x64.ActiveCfg = Debug|Any CPU
		{F8497800-C7E1-4B3A-A8D4-9177EA7BEF97}.Debug|x64.Build.0 = Debug|Any CPU
		{F8497800-C7E1-4B3A-A8D4-9177EA7BEF97}.Debug|x86.ActiveCfg = Debug|Any CPU
		{F8497800-C7E1-4B3A-A8D4-9177EA7BEF97}.Debug|x86.Build.0 = Debug|Any CPU
		{F8497800-C7E1-4B3A-A8D4-9177EA7BEF97}.Release|Any CPU.ActiveCfg = Release|Any CPU
		{F8497800-C7E1-4B3A-A8D4-9177EA7BEF97}.Release|Any CPU.Build.0 = Release|Any CPU
		{F8497800-C7E1-4B3A-A8D4-9177EA7BEF97}.Release|x64.ActiveCfg = Release|Any CPU
		{F8497800-C7E1-4B3A-A8D4-9177EA7BEF97}.Release|x64.Build.0 = Release|Any CPU
		{F8497800-C7E1-4B3A-A8D4-9177EA7BEF97}.Release|x86.ActiveCfg = Release|Any CPU
		{F8497800-C7E1-4B3A-A8D4-9177EA7BEF97}.Release|x86.Build.0 = Release|Any CPU
		{8D86418B-E75D-4E8D-BC78-3551ECAD8D80}.Debug|Any CPU.ActiveCfg = Debug|Any CPU
		{8D86418B-E75D-4E8D-BC78-3551ECAD8D80}.Debug|Any CPU.Build.0 = Debug|Any CPU
		{8D86418B-E75D-4E8D-BC78-3551ECAD8D80}.Debug|x64.ActiveCfg = Debug|Any CPU
		{8D86418B-E75D-4E8D-BC78-3551ECAD8D80}.Debug|x64.Build.0 = Debug|Any CPU
		{8D86418B-E75D-4E8D-BC78-3551ECAD8D80}.Debug|x86.ActiveCfg = Debug|Any CPU
		{8D86418B-E75D-4E8D-BC78-3551ECAD8D80}.Debug|x86.Build.0 = Debug|Any CPU
		{8D86418B-E75D-4E8D-BC78-3551ECAD8D80}.Release|Any CPU.ActiveCfg = Release|Any CPU
		{8D86418B-E75D-4E8D-BC78-3551ECAD8D80}.Release|Any CPU.Build.0 = Release|Any CPU
		{8D86418B-E75D-4E8D-BC78-3551ECAD8D80}.Release|x64.ActiveCfg = Release|Any CPU
		{8D86418B-E75D-4E8D-BC78-3551ECAD8D80}.Release|x64.Build.0 = Release|Any CPU
		{8D86418B-E75D-4E8D-BC78-3551ECAD8D80}.Release|x86.ActiveCfg = Release|Any CPU
		{8D86418B-E75D-4E8D-BC78-3551ECAD8D80}.Release|x86.Build.0 = Release|Any CPU
		{9F630D6F-B145-44E3-91DB-CEDC494B2AD9}.Debug|Any CPU.ActiveCfg = Debug|Any CPU
		{9F630D6F-B145-44E3-91DB-CEDC494B2AD9}.Debug|Any CPU.Build.0 = Debug|Any CPU
		{9F630D6F-B145-44E3-91DB-CEDC494B2AD9}.Debug|x64.ActiveCfg = Debug|Any CPU
		{9F630D6F-B145-44E3-91DB-CEDC494B2AD9}.Debug|x64.Build.0 = Debug|Any CPU
		{9F630D6F-B145-44E3-91DB-CEDC494B2AD9}.Debug|x86.ActiveCfg = Debug|Any CPU
		{9F630D6F-B145-44E3-91DB-CEDC494B2AD9}.Debug|x86.Build.0 = Debug|Any CPU
		{9F630D6F-B145-44E3-91DB-CEDC494B2AD9}.Release|Any CPU.ActiveCfg = Release|Any CPU
		{9F630D6F-B145-44E3-91DB-CEDC494B2AD9}.Release|Any CPU.Build.0 = Release|Any CPU
		{9F630D6F-B145-44E3-91DB-CEDC494B2AD9}.Release|x64.ActiveCfg = Release|Any CPU
		{9F630D6F-B145-44E3-91DB-CEDC494B2AD9}.Release|x64.Build.0 = Release|Any CPU
		{9F630D6F-B145-44E3-91DB-CEDC494B2AD9}.Release|x86.ActiveCfg = Release|Any CPU
		{9F630D6F-B145-44E3-91DB-CEDC494B2AD9}.Release|x86.Build.0 = Release|Any CPU
		{D80A73B9-5FF0-4433-A16A-D7EC2974ADEB}.Debug|Any CPU.ActiveCfg = Debug|Any CPU
		{D80A73B9-5FF0-4433-A16A-D7EC2974ADEB}.Debug|Any CPU.Build.0 = Debug|Any CPU
		{D80A73B9-5FF0-4433-A16A-D7EC2974ADEB}.Debug|x64.ActiveCfg = Debug|Any CPU
		{D80A73B9-5FF0-4433-A16A-D7EC2974ADEB}.Debug|x64.Build.0 = Debug|Any CPU
		{D80A73B9-5FF0-4433-A16A-D7EC2974ADEB}.Debug|x86.ActiveCfg = Debug|Any CPU
		{D80A73B9-5FF0-4433-A16A-D7EC2974ADEB}.Debug|x86.Build.0 = Debug|Any CPU
		{D80A73B9-5FF0-4433-A16A-D7EC2974ADEB}.Release|Any CPU.ActiveCfg = Release|Any CPU
		{D80A73B9-5FF0-4433-A16A-D7EC2974ADEB}.Release|Any CPU.Build.0 = Release|Any CPU
		{D80A73B9-5FF0-4433-A16A-D7EC2974ADEB}.Release|x64.ActiveCfg = Release|Any CPU
		{D80A73B9-5FF0-4433-A16A-D7EC2974ADEB}.Release|x64.Build.0 = Release|Any CPU
		{D80A73B9-5FF0-4433-A16A-D7EC2974ADEB}.Release|x86.ActiveCfg = Release|Any CPU
		{D80A73B9-5FF0-4433-A16A-D7EC2974ADEB}.Release|x86.Build.0 = Release|Any CPU
		{E8EEAE8D-7B6A-4913-8BFE-5B2B08B4F045}.Debug|Any CPU.ActiveCfg = Debug|Any CPU
		{E8EEAE8D-7B6A-4913-8BFE-5B2B08B4F045}.Debug|Any CPU.Build.0 = Debug|Any CPU
		{E8EEAE8D-7B6A-4913-8BFE-5B2B08B4F045}.Debug|x64.ActiveCfg = Debug|Any CPU
		{E8EEAE8D-7B6A-4913-8BFE-5B2B08B4F045}.Debug|x64.Build.0 = Debug|Any CPU
		{E8EEAE8D-7B6A-4913-8BFE-5B2B08B4F045}.Debug|x86.ActiveCfg = Debug|Any CPU
		{E8EEAE8D-7B6A-4913-8BFE-5B2B08B4F045}.Debug|x86.Build.0 = Debug|Any CPU
		{E8EEAE8D-7B6A-4913-8BFE-5B2B08B4F045}.Release|Any CPU.ActiveCfg = Release|Any CPU
		{E8EEAE8D-7B6A-4913-8BFE-5B2B08B4F045}.Release|Any CPU.Build.0 = Release|Any CPU
		{E8EEAE8D-7B6A-4913-8BFE-5B2B08B4F045}.Release|x64.ActiveCfg = Release|Any CPU
		{E8EEAE8D-7B6A-4913-8BFE-5B2B08B4F045}.Release|x64.Build.0 = Release|Any CPU
		{E8EEAE8D-7B6A-4913-8BFE-5B2B08B4F045}.Release|x86.ActiveCfg = Release|Any CPU
		{E8EEAE8D-7B6A-4913-8BFE-5B2B08B4F045}.Release|x86.Build.0 = Release|Any CPU
		{EDF3DF34-602C-4C13-A156-1D3548336594}.Debug|Any CPU.ActiveCfg = Debug|Any CPU
		{EDF3DF34-602C-4C13-A156-1D3548336594}.Debug|Any CPU.Build.0 = Debug|Any CPU
		{EDF3DF34-602C-4C13-A156-1D3548336594}.Debug|x64.ActiveCfg = Debug|Any CPU
		{EDF3DF34-602C-4C13-A156-1D3548336594}.Debug|x64.Build.0 = Debug|Any CPU
		{EDF3DF34-602C-4C13-A156-1D3548336594}.Debug|x86.ActiveCfg = Debug|Any CPU
		{EDF3DF34-602C-4C13-A156-1D3548336594}.Debug|x86.Build.0 = Debug|Any CPU
		{EDF3DF34-602C-4C13-A156-1D3548336594}.Release|Any CPU.ActiveCfg = Release|Any CPU
		{EDF3DF34-602C-4C13-A156-1D3548336594}.Release|Any CPU.Build.0 = Release|Any CPU
		{EDF3DF34-602C-4C13-A156-1D3548336594}.Release|x64.ActiveCfg = Release|Any CPU
		{EDF3DF34-602C-4C13-A156-1D3548336594}.Release|x64.Build.0 = Release|Any CPU
		{EDF3DF34-602C-4C13-A156-1D3548336594}.Release|x86.ActiveCfg = Release|Any CPU
		{EDF3DF34-602C-4C13-A156-1D3548336594}.Release|x86.Build.0 = Release|Any CPU
		{E1989DE4-970F-41F0-A451-E4FC2A171BD5}.Debug|Any CPU.ActiveCfg = Debug|Any CPU
		{E1989DE4-970F-41F0-A451-E4FC2A171BD5}.Debug|Any CPU.Build.0 = Debug|Any CPU
		{E1989DE4-970F-41F0-A451-E4FC2A171BD5}.Debug|x64.ActiveCfg = Debug|Any CPU
		{E1989DE4-970F-41F0-A451-E4FC2A171BD5}.Debug|x64.Build.0 = Debug|Any CPU
		{E1989DE4-970F-41F0-A451-E4FC2A171BD5}.Debug|x86.ActiveCfg = Debug|Any CPU
		{E1989DE4-970F-41F0-A451-E4FC2A171BD5}.Debug|x86.Build.0 = Debug|Any CPU
		{E1989DE4-970F-41F0-A451-E4FC2A171BD5}.Release|Any CPU.ActiveCfg = Release|Any CPU
		{E1989DE4-970F-41F0-A451-E4FC2A171BD5}.Release|Any CPU.Build.0 = Release|Any CPU
		{E1989DE4-970F-41F0-A451-E4FC2A171BD5}.Release|x64.ActiveCfg = Release|Any CPU
		{E1989DE4-970F-41F0-A451-E4FC2A171BD5}.Release|x64.Build.0 = Release|Any CPU
		{E1989DE4-970F-41F0-A451-E4FC2A171BD5}.Release|x86.ActiveCfg = Release|Any CPU
		{E1989DE4-970F-41F0-A451-E4FC2A171BD5}.Release|x86.Build.0 = Release|Any CPU
	EndGlobalSection
	GlobalSection(SolutionProperties) = preSolution
		HideSolutionNode = FALSE
	EndGlobalSection
	GlobalSection(NestedProjects) = preSolution
		{59702E6B-25DF-4495-8473-A715A061342D} = {85FAFA3E-69D7-4816-B5A4-243BAC4AEC59}
		{7AE117CE-7C92-4AD1-94BE-CB0C1C7CC9D6} = {85FAFA3E-69D7-4816-B5A4-243BAC4AEC59}
		{ACAF5422-7F76-47DB-8F83-8CF1E8F5039A} = {85FAFA3E-69D7-4816-B5A4-243BAC4AEC59}
		{4A60454F-C46F-49D2-BFD3-A8615AE95308} = {59702E6B-25DF-4495-8473-A715A061342D}
		{DC62347F-52AD-4F47-80BB-0ACAB35428AB} = {59702E6B-25DF-4495-8473-A715A061342D}
		{F8497800-C7E1-4B3A-A8D4-9177EA7BEF97} = {59702E6B-25DF-4495-8473-A715A061342D}
		{8D86418B-E75D-4E8D-BC78-3551ECAD8D80} = {59702E6B-25DF-4495-8473-A715A061342D}
		{9F630D6F-B145-44E3-91DB-CEDC494B2AD9} = {7AE117CE-7C92-4AD1-94BE-CB0C1C7CC9D6}
		{D80A73B9-5FF0-4433-A16A-D7EC2974ADEB} = {ACAF5422-7F76-47DB-8F83-8CF1E8F5039A}
		{E8EEAE8D-7B6A-4913-8BFE-5B2B08B4F045} = {ACAF5422-7F76-47DB-8F83-8CF1E8F5039A}
		{EDF3DF34-602C-4C13-A156-1D3548336594} = {ACAF5422-7F76-47DB-8F83-8CF1E8F5039A}
		{E1989DE4-970F-41F0-A451-E4FC2A171BD5} = {ACAF5422-7F76-47DB-8F83-8CF1E8F5039A}
	EndGlobalSection
	GlobalSection(ExtensibilityGlobals) = postSolution
		SolutionGuid = {CAEF2A76-F114-4685-8634-0D207E28F58C}
	EndGlobalSection
EndGlobal
